
Microsoft Visual Studio Solution File, Format Version 12.00
# Visual Studio Version 16
VisualStudioVersion = 16.0.31019.35
MinimumVisualStudioVersion = 10.0.40219.1
Project("{FAE04EC0-301F-11D3-BF4B-00C04F79EFBC}") = "AccessNamespace", "AccessNamespace\AccessNamespace.csproj", "{334870E6-A9A1-4F12-BA68-EAFEB91AEE3C}"
EndProject
Project("{FAE04EC0-301F-11D3-BF4B-00C04F79EFBC}") = "Library", "Library\Library.csproj", "{A087671E-1381-493F-99B5-4FC087D9D5D0}"
EndProject
Global
	GlobalSection(SolutionConfigurationPlatforms) = preSolution
		Debug|Any CPU = Debug|Any CPU
		Release|Any CPU = Release|Any CPU
	EndGlobalSection
	GlobalSection(ProjectConfigurationPlatforms) = postSolution
		{334870E6-A9A1-4F12-BA68-EAFEB91AEE3C}.Debug|Any CPU.ActiveCfg = Debug|Any CPU
		{334870E6-A9A1-4F12-BA68-EAFEB91AEE3C}.Debug|Any CPU.Build.0 = Debug|Any CPU
		{334870E6-A9A1-4F12-BA68-EAFEB91AEE3C}.Release|Any CPU.ActiveCfg = Release|Any CPU
		{334870E6-A9A1-4F12-BA68-EAFEB91AEE3C}.Release|Any CPU.Build.0 = Release|Any CPU
		{A087671E-1381-493F-99B5-4FC087D9D5D0}.Debug|Any CPU.ActiveCfg = Debug|Any CPU
		{A087671E-1381-493F-99B5-4FC087D9D5D0}.Debug|Any CPU.Build.0 = Debug|Any CPU
		{A087671E-1381-493F-99B5-4FC087D9D5D0}.Release|Any CPU.ActiveCfg = Release|Any CPU
		{A087671E-1381-493F-99B5-4FC087D9D5D0}.Release|Any CPU.Build.0 = Release|Any CPU
	EndGlobalSection
	GlobalSection(SolutionProperties) = preSolution
		HideSolutionNode = FALSE
	EndGlobalSection
	GlobalSection(ExtensibilityGlobals) = postSolution
		SolutionGuid = {2EDE1FB8-0D78-4B0C-8738-06DA8094325D}
	EndGlobalSection
EndGlobal
